{"1.2.0",
[{<<"cowboy">>,{pkg,<<"cowboy">>,<<"2.14.0">>},0},
 {<<"cowlib">>,{pkg,<<"cowlib">>,<<"2.14.0">>},0},
 {<<"jsx">>,{pkg,<<"jsx">>,<<"3.1.0">>},1},
 {<<"logstasher">>,{pkg,<<"logstasher">>,<<"1.0.0">>},0},
 {<<"ranch">>,{pkg,<<"ranch">>,<<"2.1.0">>},0}]}.
[
{pkg_hash,[
 {<<"cowboy">>, <<"565DCF221BA99B1255B0ADCEC24D2D8DBE79E46EC79F30F8373CCEADC6A41E2A">>},
 {<<"cowlib">>, <<"623791C56C1CC9DF54A71A9C55147A401549917F00A2E48A6AE12B812C586CED">>},
 {<<"jsx">>, <<"D12516BAA0BB23A59BB35DCCAF02A1BD08243FCBB9EFE24F2D9D056CCFF71268">>},
 {<<"logstasher">>, <<"201887477C830545493025CE871D276FD923E6193ED5B8D3DE49B448B8B7A03F">>},
 {<<"ranch">>, <<"2261F9ED9574DCFCC444106B9F6DA155E6E540B2F82BA3D42B339B93673B72A3">>}]},
{pkg_hash_ext,[
 {<<"cowboy">>, <<"EA99769574550FE8A83225C752E8A62780A586770EF408816B82B6FE6D46476B">>},
 {<<"cowlib">>, <<"0AF652D1550C8411C3B58EED7A035A7FB088C0B86AFF6BC504B0BC3B7F791AA2">>},
 {<<"jsx">>, <<"0C5CC8FDC11B53CC25CF65AC6705AD39E54ECC56D1C22E4ADB8F5A53FB9427F3">>},
 {<<"logstasher">>, <<"25B6307B6F4A6B0CE523BAFF1E680811562007348A6B6EA1B2206DE9F0EAC575">>},
 {<<"ranch">>, <<"244EE3FA2A6175270D8E1FC59024FD9DBC76294A321057DE8F803B1479E76916">>}]}
].
